
Microsoft Visual Studio Solution File, Format Version 12.00
Project("{FAE04EC0-301F-11D3-BF4B-00C04F79EFBC}") = "Backend_RankingGeKu", "Backend_RankingGeKu\Backend_RankingGeKu.csproj", "{9BA3D49D-0833-4E4A-8670-AF395132BE6B}"
EndProject
Global
	GlobalSection(SolutionConfigurationPlatforms) = preSolution
		Debug|Any CPU = Debug|Any CPU
		Release|Any CPU = Release|Any CPU
	EndGlobalSection
	GlobalSection(ProjectConfigurationPlatforms) = postSolution
		{9BA3D49D-0833-4E4A-8670-AF395132BE6B}.Debug|Any CPU.ActiveCfg = Debug|Any CPU
		{9BA3D49D-0833-4E4A-8670-AF395132BE6B}.Debug|Any CPU.Build.0 = Debug|Any CPU
		{9BA3D49D-0833-4E4A-8670-AF395132BE6B}.Release|Any CPU.ActiveCfg = Release|Any CPU
		{9BA3D49D-0833-4E4A-8670-AF395132BE6B}.Release|Any CPU.Build.0 = Release|Any CPU
	EndGlobalSection
EndGlobal
